
Microsoft Visual Studio Solution File, Format Version 12.00
# Visual Studio Version 16
VisualStudioVersion = 16.0.28803.202
MinimumVisualStudioVersion = 10.0.40219.1
Project("{FAE04EC0-301F-11D3-BF4B-00C04F79EFBC}") = "Str.MvvmCommon", "Str.MvvmCommon\Str.MvvmCommon.csproj", "{B10668C9-AB20-4F3A-8121-E03569EFF364}"
EndProject
Project("{2150E333-8FDC-42A3-9474-1A3956D46DE8}") = "Solution Items", "Solution Items", "{3BF2FF0F-2CA1-49CA-937E-2DCBF5FFBA80}"
	ProjectSection(SolutionItems) = preProject
		ReadMe.md = ReadMe.md
		STR.MvvmCommon.sln.DotSettings = STR.MvvmCommon.sln.DotSettings
	EndProjectSection
EndProject
Global
	GlobalSection(SolutionConfigurationPlatforms) = preSolution
		Debug|Any CPU = Debug|Any CPU
		Release|Any CPU = Release|Any CPU
	EndGlobalSection
	GlobalSection(ProjectConfigurationPlatforms) = postSolution
		{B10668C9-AB20-4F3A-8121-E03569EFF364}.Debug|Any CPU.ActiveCfg = Debug|Any CPU
		{B10668C9-AB20-4F3A-8121-E03569EFF364}.Debug|Any CPU.Build.0 = Debug|Any CPU
		{B10668C9-AB20-4F3A-8121-E03569EFF364}.Release|Any CPU.ActiveCfg = Release|Any CPU
		{B10668C9-AB20-4F3A-8121-E03569EFF364}.Release|Any CPU.Build.0 = Release|Any CPU
	EndGlobalSection
	GlobalSection(SolutionProperties) = preSolution
		HideSolutionNode = FALSE
	EndGlobalSection
	GlobalSection(ExtensibilityGlobals) = postSolution
		SolutionGuid = {8E7A69D8-5DCB-4ACF-9561-76E91E35F386}
	EndGlobalSection
EndGlobal
